
Microsoft Visual Studio Solution File, Format Version 12.00
# Visual Studio Version 17
VisualStudioVersion = 17.11.35327.3
MinimumVisualStudioVersion = 10.0.40219.1
Project("{FAE04EC0-301F-11D3-BF4B-00C04F79EFBC}") = "QuickRawOcr.UI.WPF", "QuickRawOcr.UI.WPF\QuickRawOcr.UI.WPF.csproj", "{A0AD1EAC-693E-4799-87CD-9795BAA5BED4}"
EndProject
Project("{FAE04EC0-301F-11D3-BF4B-00C04F79EFBC}") = "QuickRawOcr.Application", "QuickRawOcr.Application\QuickRawOcr.Application.csproj", "{6F528CC2-0AA3-4F92-AB3C-66FF9195F74B}"
EndProject
Global
	GlobalSection(SolutionConfigurationPlatforms) = preSolution
		Debug|Any CPU = Debug|Any CPU
		Release|Any CPU = Release|Any CPU
	EndGlobalSection
	GlobalSection(ProjectConfigurationPlatforms) = postSolution
		{A0AD1EAC-693E-4799-87CD-9795BAA5BED4}.Debug|Any CPU.ActiveCfg = Debug|Any CPU
		{A0AD1EAC-693E-4799-87CD-9795BAA5BED4}.Debug|Any CPU.Build.0 = Debug|Any CPU
		{A0AD1EAC-693E-4799-87CD-9795BAA5BED4}.Release|Any CPU.ActiveCfg = Release|Any CPU
		{A0AD1EAC-693E-4799-87CD-9795BAA5BED4}.Release|Any CPU.Build.0 = Release|Any CPU
		{6F528CC2-0AA3-4F92-AB3C-66FF9195F74B}.Debug|Any CPU.ActiveCfg = Debug|Any CPU
		{6F528CC2-0AA3-4F92-AB3C-66FF9195F74B}.Debug|Any CPU.Build.0 = Debug|Any CPU
		{6F528CC2-0AA3-4F92-AB3C-66FF9195F74B}.Release|Any CPU.ActiveCfg = Release|Any CPU
		{6F528CC2-0AA3-4F92-AB3C-66FF9195F74B}.Release|Any CPU.Build.0 = Release|Any CPU
	EndGlobalSection
	GlobalSection(SolutionProperties) = preSolution
		HideSolutionNode = FALSE
	EndGlobalSection
	GlobalSection(ExtensibilityGlobals) = postSolution
		SolutionGuid = {3AD3DD2E-08CE-4901-A751-980A09D09952}
	EndGlobalSection
EndGlobal
